
Microsoft Visual Studio Solution File, Format Version 12.00
# Visual Studio 15
Project("{FAE04EC0-301F-11D3-BF4B-00C04F79EFBC}") = "Boxophobic.Utils.Editor", "Boxophobic.Utils.Editor.csproj", "{1DB25F96-9C9E-CCAA-154B-8158F6181C44}"
EndProject
Project("{FAE04EC0-301F-11D3-BF4B-00C04F79EFBC}") = "Boxophobic.Utils.Scripts", "Boxophobic.Utils.Scripts.csproj", "{A62B1715-8711-7796-2665-869BE04A40F8}"
EndProject
Project("{FAE04EC0-301F-11D3-BF4B-00C04F79EFBC}") = "Assembly-CSharp", "Assembly-CSharp.csproj", "{3EACE8AF-2990-CD31-E72D-AE7E166A4CB8}"
EndProject
Project("{FAE04EC0-301F-11D3-BF4B-00C04F79EFBC}") = "Boxophobic.SkyboxCubemapExtended.Editor", "Boxophobic.SkyboxCubemapExtended.Editor.csproj", "{69CDEB88-36F3-00E7-8957-5752AFC1CFD1}"
EndProject
Global
	GlobalSection(SolutionConfigurationPlatforms) = preSolution
		Debug|Any CPU = Debug|Any CPU
		Release|Any CPU = Release|Any CPU
	EndGlobalSection
	GlobalSection(ProjectConfigurationPlatforms) = postSolution
		{1DB25F96-9C9E-CCAA-154B-8158F6181C44}.Debug|Any CPU.ActiveCfg = Debug|Any CPU
		{1DB25F96-9C9E-CCAA-154B-8158F6181C44}.Debug|Any CPU.Build.0 = Debug|Any CPU
		{1DB25F96-9C9E-CCAA-154B-8158F6181C44}.Release|Any CPU.ActiveCfg = Release|Any CPU
		{1DB25F96-9C9E-CCAA-154B-8158F6181C44}.Release|Any CPU.Build.0 = Release|Any CPU
		{A62B1715-8711-7796-2665-869BE04A40F8}.Debug|Any CPU.ActiveCfg = Debug|Any CPU
		{A62B1715-8711-7796-2665-869BE04A40F8}.Debug|Any CPU.Build.0 = Debug|Any CPU
		{A62B1715-8711-7796-2665-869BE04A40F8}.Release|Any CPU.ActiveCfg = Release|Any CPU
		{A62B1715-8711-7796-2665-869BE04A40F8}.Release|Any CPU.Build.0 = Release|Any CPU
		{3EACE8AF-2990-CD31-E72D-AE7E166A4CB8}.Debug|Any CPU.ActiveCfg = Debug|Any CPU
		{3EACE8AF-2990-CD31-E72D-AE7E166A4CB8}.Debug|Any CPU.Build.0 = Debug|Any CPU
		{3EACE8AF-2990-CD31-E72D-AE7E166A4CB8}.Release|Any CPU.ActiveCfg = Release|Any CPU
		{3EACE8AF-2990-CD31-E72D-AE7E166A4CB8}.Release|Any CPU.Build.0 = Release|Any CPU
		{69CDEB88-36F3-00E7-8957-5752AFC1CFD1}.Debug|Any CPU.ActiveCfg = Debug|Any CPU
		{69CDEB88-36F3-00E7-8957-5752AFC1CFD1}.Debug|Any CPU.Build.0 = Debug|Any CPU
		{69CDEB88-36F3-00E7-8957-5752AFC1CFD1}.Release|Any CPU.ActiveCfg = Release|Any CPU
		{69CDEB88-36F3-00E7-8957-5752AFC1CFD1}.Release|Any CPU.Build.0 = Release|Any CPU
	EndGlobalSection
	GlobalSection(SolutionProperties) = preSolution
		HideSolutionNode = FALSE
	EndGlobalSection
EndGlobal
